
Microsoft Visual Studio Solution File, Format Version 12.00
# Visual Studio Version 17
VisualStudioVersion = 17.5.33424.131
MinimumVisualStudioVersion = 10.0.40219.1
Project("{FAE04EC0-301F-11D3-BF4B-00C04F79EFBC}") = "Arithmetic-OOPS", "Arithmetic-OOPS\Arithmetic-OOPS.csproj", "{2EBE1045-9761-4DB5-B549-E523BC315BCC}"
EndProject
Global
	GlobalSection(SolutionConfigurationPlatforms) = preSolution
		Debug|Any CPU = Debug|Any CPU
		Release|Any CPU = Release|Any CPU
	EndGlobalSection
	GlobalSection(ProjectConfigurationPlatforms) = postSolution
		{2EBE1045-9761-4DB5-B549-E523BC315BCC}.Debug|Any CPU.ActiveCfg = Debug|Any CPU
		{2EBE1045-9761-4DB5-B549-E523BC315BCC}.Debug|Any CPU.Build.0 = Debug|Any CPU
		{2EBE1045-9761-4DB5-B549-E523BC315BCC}.Release|Any CPU.ActiveCfg = Release|Any CPU
		{2EBE1045-9761-4DB5-B549-E523BC315BCC}.Release|Any CPU.Build.0 = Release|Any CPU
	EndGlobalSection
	GlobalSection(SolutionProperties) = preSolution
		HideSolutionNode = FALSE
	EndGlobalSection
	GlobalSection(ExtensibilityGlobals) = postSolution
		SolutionGuid = {F88F60FA-8E9F-4013-8CDE-F66B1F44E560}
	EndGlobalSection
EndGlobal
